<?xml version="1.0" encoding="utf-8"?>
<Project ToolsVersion="4.0" xmlns="http://schemas.microsoft.com/developer/msbuild/2003">
  <ItemGroup>
    <Filter Include="Source Files">
      <UniqueIdentifier>{4FC737F1-C7A5-4376-A066-2A32D752A2FF}</UniqueIdentifier>
      <Extensions>cpp;c;cc;cxx;def;odl;idl;hpj;bat;asm;asmx</Extensions>
    </Filter>
    <Filter Include="Header Files">
      <UniqueIdentifier>{93995380-89BD-4b04-88EB-625FBE52EBFB}</UniqueIdentifier>
      <Extensions>h;hh;hpp;hxx;hm;inl;inc;xsd</Extensions>
    </Filter>
    <Filter Include="Resource Files">
      <UniqueIdentifier>{67DA6AB6-F800-4c08-8B7A-83BB121AAD01}</UniqueIdentifier>
      <Extensions>rc;ico;cur;bmp;dlg;rc2;rct;bin;rgs;gif;jpg;jpeg;jpe;resx;tiff;tif;png;wav;mfcribbon-ms</Extensions>
    </Filter>
  </ItemGroup>
  <ItemGroup>
    <ClCompile Include="src\Game.cpp">
      <Filter>Source Files</Filter>
    </ClCompile>
    <ClCompile Include="src\Window.cpp">
      <Filter>Source Files</Filter>
    </ClCompile>
    <ClCompile Include="src\Graphics.cpp">
      <Filter>Source Files</Filter>
    </ClCompile>
    <ClCompile Include="src\Entity2D.cpp">
      <Filter>Source Files</Filter>
    </ClCompile>
    <ClCompile Include="src\Time.cpp">
      <Filter>Source Files</Filter>
    </ClCompile>
    <ClCompile Include="src\Input.cpp">
      <Filter>Source Files</Filter>
    </ClCompile>
    <ClCompile Include="src\CollisionManager.cpp">
      <Filter>Source Files</Filter>
    </ClCompile>
    <ClCompile Include="src\LogFile.cpp">
      <Filter>Source Files</Filter>
    </ClCompile>
    <ClCompile Include="src\Entity3D.cpp">
      <Filter>Source Files</Filter>
    </ClCompile>
    <ClCompile Include="src\ObjImporter.cpp">
      <Filter>Source Files</Filter>
    </ClCompile>
  </ItemGroup>
  <ItemGroup>
    <ClInclude Include="includes\Game.h">
      <Filter>Header Files</Filter>
    </ClInclude>
    <ClInclude Include="includes\Window.h">
      <Filter>Header Files</Filter>
    </ClInclude>
    <ClInclude Include="includes\Graphics.h">
      <Filter>Header Files</Filter>
    </ClInclude>
    <ClInclude Include="includes\ImportExport.h">
      <Filter>Header Files</Filter>
    </ClInclude>
    <ClInclude Include="includes\Vertex.h">
      <Filter>Header Files</Filter>
    </ClInclude>
    <ClInclude Include="includes\VertexUV.h">
      <Filter>Header Files</Filter>
    </ClInclude>
    <ClInclude Include="includes\Entity.h">
      <Filter>Header Files</Filter>
    </ClInclude>
    <ClInclude Include="includes\Entity2D.h">
      <Filter>Header Files</Filter>
    </ClInclude>
    <ClInclude Include="includes\VertexBufferManager.h">
      <Filter>Header Files</Filter>
    </ClInclude>
    <ClInclude Include="includes\Quad.h">
      <Filter>Header Files</Filter>
    </ClInclude>
    <ClInclude Include="includes\Sprite.h">
      <Filter>Header Files</Filter>
    </ClInclude>
    <ClInclude Include="includes\Texture.h">
      <Filter>Header Files</Filter>
    </ClInclude>
    <ClInclude Include="includes\TextureManager.h">
      <Filter>Header Files</Filter>
    </ClInclude>
    <ClInclude Include="includes\Time.h">
      <Filter>Header Files</Filter>
    </ClInclude>
    <ClInclude Include="includes\SpriteAnimation.h">
      <Filter>Header Files</Filter>
    </ClInclude>
    <ClInclude Include="includes\Input.h">
      <Filter>Header Files</Filter>
    </ClInclude>
    <ClInclude Include="includes\KeyCode.h">
      <Filter>Header Files</Filter>
    </ClInclude>
    <ClInclude Include="includes\CollisionManager.h">
      <Filter>Header Files</Filter>
    </ClInclude>
    <ClInclude Include="includes\TileMap.h">
      <Filter>Header Files</Filter>
    </ClInclude>
    <ClInclude Include="includes\Tile.h">
      <Filter>Header Files</Filter>
    </ClInclude>
    <ClInclude Include="includes\LogFile.h">
      <Filter>Header Files</Filter>
    </ClInclude>
    <ClInclude Include="includes\Camera.h">
      <Filter>Header Files</Filter>
    </ClInclude>
    <ClInclude Include="includes\Entity3D.h">
      <Filter>Header Files</Filter>
    </ClInclude>
    <ClInclude Include="includes\Mesh.h">
      <Filter>Header Files</Filter>
    </ClInclude>
    <ClInclude Include="includes\ObjImporter.h">
      <Filter>Header Files</Filter>
    </ClInclude>
    <ClInclude Include="includes\Node.h">
      <Filter>Header Files</Filter>
    </ClInclude>
    <ClInclude Include="includes\NodeWithChildren.h">
      <Filter>Header Files</Filter>
    </ClInclude>
    <ClInclude Include="includes\GameObject.h">
      <Filter>Header Files</Filter>
    </ClInclude>
    <ClInclude Include="includes\Scene.h">
      <Filter>Header Files</Filter>
    </ClInclude>
    <ClInclude Include="includes\Component.h">
      <Filter>Header Files</Filter>
    </ClInclude>
  </ItemGroup>
</Project>